# This file was autogenerated by Stack.
# You should not edit this file by hand.
# For more information, please see the documentation at:
#   https://docs.haskellstack.org/en/stable/lock_files

packages:
- completed:
    hackage: sdl2-2.5.5.0@sha256:9d1125181e651518ea960738266e3cef98c0c4fa2d5f9c35e67f4b0f87fd1464,12695
    pantry-tree:
      sha256: edba7eb6774cf869abc597f518e0491473cfbee2a91bc7416e25b7447730b335
      size: 6641
  original:
    hackage: sdl2-2.5.5.0@sha256:9d1125181e651518ea960738266e3cef98c0c4fa2d5f9c35e67f4b0f87fd1464,12695
- completed:
    hackage: sequence-0.9.9.0@sha256:e48c5debef383f0979da793eb84d86c149988b204ab7242758bb5c054e3ae8e0,2015
    pantry-tree:
      sha256: 9bd799de883daff8b6267c959f95c300e486a10a6e36fb8be1f913c24841c6b5
      size: 1348
  original:
    hackage: sequence-0.9.9.0@sha256:e48c5debef383f0979da793eb84d86c149988b204ab7242758bb5c054e3ae8e0,2015
snapshots:
- completed:
    sha256: 6c5aeace2ca5ecde793a9e0acfaa730ec8f384aa2f6183a2a252f5f9ec55d623
    size: 720039
    url: https://raw.githubusercontent.com/commercialhaskell/stackage-snapshots/master/lts/22/39.yaml
  original: lts-22.39
